{
    "_readme": [
        "This file locks the dependencies of your project to a known state",
        "Read more about it at http://getcomposer.org/doc/01-basic-usage.md#composer-lock-the-lock-file",
        "This file is @generated automatically"
    ],
    "hash": "1de55014d6e9cc8edf82c3a43477cc64",
    "packages": [
        {
            "name": "yiiext/migrate-command",
            "version": "0.7.2",
            "source": {
                "type": "git",
                "url": "https://github.com/yiiext/migrate-command.git",
                "reference": "79b578ed54cdf6ecaa65db0a496151f7528a7e40"
            },
            "dist": {
                "type": "zip",
                "url": "https://github.com/yiiext/migrate-command/archive/79b578ed54cdf6ecaa65db0a496151f7528a7e40.zip",
                "reference": null,
                "shasum": null
            },
            "type": "yii-extension",
            "description": "This is an enhanced version of the Yii Database Migration Tool that adds module support and many more usefull features.",
            "homepage": "https://github.com/yiiext/migrate-command"
        },
        {
            "name": "yiisoft/yii",
            "version": "1.1.16",
            "source": {
                "type": "git",
                "url": "https://github.com/yiisoft/yii.git",
                "reference": "bca0420b6799b0b2a7966aa90bcd15cb4aa73563"
            },
            "dist": {
                "type": "zip",
                "url": "https://github.com/yiisoft/yii/archive/bca0420b6799b0b2a7966aa90bcd15cb4aa73563.zip",
                "reference": null,
                "shasum": null
            },
            "type": "library",
            "description": "Yii PHP Framework",
            "homepage": "https://github.com/yiisoft/yii"
        }
    ],
    "packages-dev": [],
    "aliases": [],
    "minimum-stability": "stable",
    "stability-flags": [],
    "prefer-stable": false,
    "prefer-lowest": false,
    "platform": {
        "php": ">=5.3.2"
    },
    "platform-dev": []
}
